Microsoft Visual Studio Solution File, Format Version 11.00
# Visual Studio 2010
Project("{FAE04EC0-301F-11D3-BF4B-00C04F79EFBC}") = "Muro", "Muro\Muro.csproj", "{8BBB2C1B-DA92-4368-A7B9-61515E80EDF2}"
EndProject
Project("{FAE04EC0-301F-11D3-BF4B-00C04F79EFBC}") = "Muro.Tests", "Muro.Tests\Muro.Tests.csproj", "{E31E1684-9A89-4A66-854A-737F29DC771D}"
EndProject
Project("{2150E333-8FDC-42A3-9474-1A3956D46DE8}") = "Solution Items", "Solution Items", "{4B07D536-FFD8-4E91-8083-0D533C64A645}"
	ProjectSection(SolutionItems) = preProject
		README.md = README.md
	EndProjectSection
EndProject
Global
	GlobalSection(SolutionConfigurationPlatforms) = preSolution
		Debug|Any CPU = Debug|Any CPU
		Release|Any CPU = Release|Any CPU
	EndGlobalSection
	GlobalSection(ProjectConfigurationPlatforms) = postSolution
		{8BBB2C1B-DA92-4368-A7B9-61515E80EDF2}.Debug|Any CPU.ActiveCfg = Debug|Any CPU
		{8BBB2C1B-DA92-4368-A7B9-61515E80EDF2}.Debug|Any CPU.Build.0 = Debug|Any CPU
		{8BBB2C1B-DA92-4368-A7B9-61515E80EDF2}.Release|Any CPU.ActiveCfg = Release|Any CPU
		{8BBB2C1B-DA92-4368-A7B9-61515E80EDF2}.Release|Any CPU.Build.0 = Release|Any CPU
		{E31E1684-9A89-4A66-854A-737F29DC771D}.Debug|Any CPU.ActiveCfg = Debug|Any CPU
		{E31E1684-9A89-4A66-854A-737F29DC771D}.Debug|Any CPU.Build.0 = Debug|Any CPU
		{E31E1684-9A89-4A66-854A-737F29DC771D}.Release|Any CPU.ActiveCfg = Release|Any CPU
		{E31E1684-9A89-4A66-854A-737F29DC771D}.Release|Any CPU.Build.0 = Release|Any CPU
	EndGlobalSection
	GlobalSection(SolutionProperties) = preSolution
		HideSolutionNode = FALSE
	EndGlobalSection
EndGlobal
